# This file is automatically @generated by Cargo.
# It is not intended for manual editing.
version = 4

[[package]]
name = "expect_with"
version = "1.0.0"
source = "registry+https://github.com/rust-lang/crates.io-index"
checksum = "9be1f41669b2509ca094ee23484c823da9968400ec5d7a65b36159d8965975ad"

[[package]]
name = "lexparse"
version = "0.1.0"
dependencies = [
 "expect_with",
]
